// !$*UTF8*$!
{
	archiveVersion = 1;
	classes = {
	};
	objectVersion = 46;
	objects = {

/* Begin PBXBuildFile section */
		461D37101C8DDEFB003F7604 /* AppDelegate.swift in Sources */ = {isa = PBXBuildFile; fileRef = 461D370F1C8DDEFB003F7604 /* AppDelegate.swift */; };
		461D37121C8DDEFB003F7604 /* ViewController.swift in Sources */ = {isa = PBXBuildFile; fileRef = 461D37111C8DDEFB003F7604 /* ViewController.swift */; };
		461D37151C8DDEFB003F7604 /* Main.storyboard in Resources */ = {isa = PBXBuildFile; fileRef = 461D37131C8DDEFB003F7604 /* Main.storyboard */; };
		461D37181C8DDEFB003F7604 /* Phim_24h.xcdatamodeld in Sources */ = {isa = PBXBuildFile; fileRef = 461D37161C8DDEFB003F7604 /* Phim_24h.xcdatamodeld */; };
		461D371A1C8DDEFB003F7604 /* Assets.xcassets in Resources */ = {isa = PBXBuildFile; fileRef = 461D37191C8DDEFB003F7604 /* Assets.xcassets */; };
		461D371D1C8DDEFB003F7604 /* LaunchScreen.storyboard in Resources */ = {isa = PBXBuildFile; fileRef = 461D371B1C8DDEFB003F7604 /* LaunchScreen.storyboard */; };
		461D37281C8DDEFB003F7604 /* Phim_24hTests.swift in Sources */ = {isa = PBXBuildFile; fileRef = 461D37271C8DDEFB003F7604 /* Phim_24hTests.swift */; };
		461D37331C8DDEFB003F7604 /* Phim_24hUITests.swift in Sources */ = {isa = PBXBuildFile; fileRef = 461D37321C8DDEFB003F7604 /* Phim_24hUITests.swift */; };
/* End PBXBuildFile section */

/* Begin PBXContainerItemProxy section */
		461D37241C8DDEFB003F7604 /* PBXContainerItemProxy */ = {
			isa = PBXContainerItemProxy;
			containerPortal = 461D37041C8DDEFB003F7604 /* Project object */;
			proxyType = 1;
			remoteGlobalIDString = 461D370B1C8DDEFB003F7604;
			remoteInfo = "Phim 24h";
		};
		461D372F1C8DDEFB003F7604 /* PBXContainerItemProxy */ = {
			isa = PBXContainerItemProxy;
			containerPortal = 461D37041C8DDEFB003F7604 /* Project object */;
			proxyType = 1;
			remoteGlobalIDString = 461D370B1C8DDEFB003F7604;
			remoteInfo = "Phim 24h";
		};
/* End PBXContainerItemProxy section */

/* Begin PBXFileReference section */
		461D370C1C8DDEFB003F7604 /* Phim 24h.app */ = {isa = PBXFileReference; explicitFileType = wrapper.application; includeInIndex = 0; path = "Phim 24h.app"; sourceTree = BUILT_PRODUCTS_DIR; };
		461D370F1C8DDEFB003F7604 /* AppDelegate.swift */ = {isa = PBXFileReference; lastKnownFileType = sourcecode.swift; path = AppDelegate.swift; sourceTree = "<group>"; };
		461D37111C8DDEFB003F7604 /* ViewController.swift */ = {isa = PBXFileReference; lastKnownFileType = sourcecode.swift; path = ViewController.swift; sourceTree = "<group>"; };
		461D37141C8DDEFB003F7604 /* Base */ = {isa = PBXFileReference; lastKnownFileType = file.storyboard; name = Base; path = Base.lproj/Main.storyboard; sourceTree = "<group>"; };
		461D37171C8DDEFB003F7604 /* Phim_24h.xcdatamodel */ = {isa = PBXFileReference; lastKnownFileType = wrapper.xcdatamodel; path = Phim_24h.xcdatamodel; sourceTree = "<group>"; };
		461D37191C8DDEFB003F7604 /* Assets.xcassets */ = {isa = PBXFileReference; lastKnownFileType = folder.assetcatalog; path = Assets.xcassets; sourceTree = "<group>"; };
		461D371C1C8DDEFB003F7604 /* Base */ = {isa = PBXFileReference; lastKnownFileType = file.storyboard; name = Base; path = Base.lproj/LaunchScreen.storyboard; sourceTree = "<group>"; };
		461D371E1C8DDEFB003F7604 /* Info.plist */ = {isa = PBXFileReference; lastKnownFileType = text.plist.xml; path = Info.plist; sourceTree = "<group>"; };
		461D37231C8DDEFB003F7604 /* Phim 24hTests.xctest */ = {isa = PBXFileReference; explicitFileType = wrapper.cfbundle; includeInIndex = 0; path = "Phim 24hTests.xctest"; sourceTree = BUILT_PRODUCTS_DIR; };
		461D37271C8DDEFB003F7604 /* Phim_24hTests.swift */ = {isa = PBXFileReference; lastKnownFileType = sourcecode.swift; path = Phim_24hTests.swift; sourceTree = "<group>"; };
		461D37291C8DDEFB003F7604 /* Info.plist */ = {isa = PBXFileReference; lastKnownFileType = text.plist.xml; path = Info.plist; sourceTree = "<group>"; };
		461D372E1C8DDEFB003F7604 /* Phim 24hUITests.xctest */ = {isa = PBXFileReference; explicitFileType = wrapper.cfbundle; includeInIndex = 0; path = "Phim 24hUITests.xctest"; sourceTree = BUILT_PRODUCTS_DIR; };
		461D37321C8DDEFB003F7604 /* Phim_24hUITests.swift */ = {isa = PBXFileReference; lastKnownFileType = sourcecode.swift; path = Phim_24hUITests.swift; sourceTree = "<group>"; };
		461D37341C8DDEFB003F7604 /* Info.plist */ = {isa = PBXFileReference; lastKnownFileType = text.plist.xml; path = Info.plist; sourceTree = "<group>"; };
/* End PBXFileReference section */

/* Begin PBXFrameworksBuildPhase section */
		461D37091C8DDEFB003F7604 /* Frameworks */ = {
			isa = PBXFrameworksBuildPhase;
			buildActionMask = 2147483647;
			files = (
			);
			runOnlyForDeploymentPostprocessing = 0;
		};
		461D37201C8DDEFB003F7604 /* Frameworks */ = {
			isa = PBXFrameworksBuildPhase;
			buildActionMask = 2147483647;
			files = (
			);
			runOnlyForDeploymentPostprocessing = 0;
		};
		461D372B1C8DDEFB003F7604 /* Frameworks */ = {
			isa = PBXFrameworksBuildPhase;
			buildActionMask = 2147483647;
			files = (
			);
			runOnlyForDeploymentPostprocessing = 0;
		};
/* End PBXFrameworksBuildPhase section */

/* Begin PBXGroup section */
		461D37031C8DDEFB003F7604 = {
			isa = PBXGroup;
			children = (
				461D370E1C8DDEFB003F7604 /* Phim 24h */,
				461D37261C8DDEFB003F7604 /* Phim 24hTests */,
				461D37311C8DDEFB003F7604 /* Phim 24hUITests */,
				461D370D1C8DDEFB003F7604 /* Products */,
			);
			sourceTree = "<group>";
		};
		461D370D1C8DDEFB003F7604 /* Products */ = {
			isa = PBXGroup;
			children = (
				461D370C1C8DDEFB003F7604 /* Phim 24h.app */,
				461D37231C8DDEFB003F7604 /* Phim 24hTests.xctest */,
				461D372E1C8DDEFB003F7604 /* Phim 24hUITests.xctest */,
			);
			name = Products;
			sourceTree = "<group>";
		};
		461D370E1C8DDEFB003F7604 /* Phim 24h */ = {
			isa = PBXGroup;
			children = (
				461D370F1C8DDEFB003F7604 /* AppDelegate.swift */,
				461D37111C8DDEFB003F7604 /* ViewController.swift */,
				461D37131C8DDEFB003F7604 /* Main.storyboard */,
				461D37191C8DDEFB003F7604 /* Assets.xcassets */,
				461D371B1C8DDEFB003F7604 /* LaunchScreen.storyboard */,
				461D371E1C8DDEFB003F7604 /* Info.plist */,
				461D37161C8DDEFB003F7604 /* Phim_24h.xcdatamodeld */,
			);
			path = "Phim 24h";
			sourceTree = "<group>";
		};
		461D37261C8DDEFB003F7604 /* Phim 24hTests */ = {
			isa = PBXGroup;
			children = (
				461D37271C8DDEFB003F7604 /* Phim_24hTests.swift */,
				461D37291C8DDEFB003F7604 /* Info.plist */,
			);
			path = "Phim 24hTests";
			sourceTree = "<group>";
		};
		461D37311C8DDEFB003F7604 /* Phim 24hUITests */ = {
			isa = PBXGroup;
			children = (
				461D37321C8DDEFB003F7604 /* Phim_24hUITests.swift */,
				461D37341C8DDEFB003F7604 /* Info.plist */,
			);
			path = "Phim 24hUITests";
			sourceTree = "<group>";
		};
/* End PBXGroup section */

/* Begin PBXNativeTarget section */
		461D370B1C8DDEFB003F7604 /* Phim 24h */ = {
			isa = PBXNativeTarget;
			buildConfigurationList = 461D37371C8DDEFB003F7604 /* Build configuration list for PBXNativeTarget "Phim 24h" */;
			buildPhases = (
				461D37081C8DDEFB003F7604 /* Sources */,
				461D37091C8DDEFB003F7604 /* Frameworks */,
				461D370A1C8DDEFB003F7604 /* Resources */,
			);
			buildRules = (
			);
			dependencies = (
			);
			name = "Phim 24h";
			productName = "Phim 24h";
			productReference = 461D370C1C8DDEFB003F7604 /* Phim 24h.app */;
			productType = "com.apple.product-type.application";
		};
		461D37221C8DDEFB003F7604 /* Phim 24hTests */ = {
			isa = PBXNativeTarget;
			buildConfigurationList = 461D373A1C8DDEFB003F7604 /* Build configuration list for PBXNativeTarget "Phim 24hTests" */;
			buildPhases = (
				461D371F1C8DDEFB003F7604 /* Sources */,
				461D37201C8DDEFB003F7604 /* Frameworks */,
				461D37211C8DDEFB003F7604 /* Resources */,
			);
			buildRules = (
			);
			dependencies = (
				461D37251C8DDEFB003F7604 /* PBXTargetDependency */,
			);
			name = "Phim 24hTests";
			productName = "Phim 24hTests";
			productReference = 461D37231C8DDEFB003F7604 /* Phim 24hTests.xctest */;
			productType = "com.apple.product-type.bundle.unit-test";
		};
		461D372D1C8DDEFB003F7604 /* Phim 24hUITests */ = {
			isa = PBXNativeTarget;
			buildConfigurationList = 461D373D1C8DDEFB003F7604 /* Build configuration list for PBXNativeTarget "Phim 24hUITests" */;
			buildPhases = (
				461D372A1C8DDEFB003F7604 /* Sources */,
				461D372B1C8DDEFB003F7604 /* Frameworks */,
				461D372C1C8DDEFB003F7604 /* Resources */,
			);
			buildRules = (
			);
			dependencies = (
				461D37301C8DDEFB003F7604 /* PBXTargetDependency */,
			);
			name = "Phim 24hUITests";
			productName = "Phim 24hUITests";
			productReference = 461D372E1C8DDEFB003F7604 /* Phim 24hUITests.xctest */;
			productType = "com.apple.product-type.bundle.ui-testing";
		};
/* End PBXNativeTarget section */

/* Begin PBXProject section */
		461D37041C8DDEFB003F7604 /* Project object */ = {
			isa = PBXProject;
			attributes = {
				LastSwiftUpdateCheck = 0720;
				LastUpgradeCheck = 0720;
				ORGANIZATIONNAME = Com.QuangKhuongDuy.xemphim24h;
				TargetAttributes = {
					461D370B1C8DDEFB003F7604 = {
						CreatedOnToolsVersion = 7.2.1;
						DevelopmentTeam = KPXN694N6Z;
					};
					461D37221C8DDEFB003F7604 = {
						CreatedOnToolsVersion = 7.2.1;
						DevelopmentTeam = KPXN694N6Z;
						TestTargetID = 461D370B1C8DDEFB003F7604;
					};
					461D372D1C8DDEFB003F7604 = {
						CreatedOnToolsVersion = 7.2.1;
						DevelopmentTeam = KPXN694N6Z;
						TestTargetID = 461D370B1C8DDEFB003F7604;
					};
				};
			};
			buildConfigurationList = 461D37071C8DDEFB003F7604 /* Build configuration list for PBXProject "Phim 24h" */;
			compatibilityVersion = "Xcode 3.2";
			developmentRegion = English;
			hasScannedForEncodings = 0;
			knownRegions = (
				en,
				Base,
			);
			mainGroup = 461D37031C8DDEFB003F7604;
			productRefGroup = 461D370D1C8DDEFB003F7604 /* Products */;
			projectDirPath = "";
			projectRoot = "";
			targets = (
				461D370B1C8DDEFB003F7604 /* Phim 24h */,
				461D37221C8DDEFB003F7604 /* Phim 24hTests */,
				461D372D1C8DDEFB003F7604 /* Phim 24hUITests */,
			);
		};
/* End PBXProject section */

/* Begin PBXResourcesBuildPhase section */
		461D370A1C8DDEFB003F7604 /* Resources */ = {
			isa = PBXResourcesBuildPhase;
			buildActionMask = 2147483647;
			files = (
				461D371D1C8DDEFB003F7604 /* LaunchScreen.storyboard in Resources */,
				461D371A1C8DDEFB003F7604 /* Assets.xcassets in Resources */,
				461D37151C8DDEFB003F7604 /* Main.storyboard in Resources */,
			);
			runOnlyForDeploymentPostprocessing = 0;
		};
		461D37211C8DDEFB003F7604 /* Resources */ = {
			isa = PBXResourcesBuildPhase;
			buildActionMask = 2147483647;
			files = (
			);
			runOnlyForDeploymentPostprocessing = 0;
		};
		461D372C1C8DDEFB003F7604 /* Resources */ = {
			isa = PBXResourcesBuildPhase;
			buildActionMask = 2147483647;
			files = (
			);
			runOnlyForDeploymentPostprocessing = 0;
		};
/* End PBXResourcesBuildPhase section */

/* Begin PBXSourcesBuildPhase section */
		461D37081C8DDEFB003F7604 /* Sources */ = {
			isa = PBXSourcesBuildPhase;
			buildActionMask = 2147483647;
			files = (
				461D37121C8DDEFB003F7604 /* ViewController.swift in Sources */,
				461D37101C8DDEFB003F7604 /* AppDelegate.swift in Sources */,
				461D37181C8DDEFB003F7604 /* Phim_24h.xcdatamodeld in Sources */,
			);
			runOnlyForDeploymentPostprocessing = 0;
		};
		461D371F1C8DDEFB003F7604 /* Sources */ = {
			isa = PBXSourcesBuildPhase;
			buildActionMask = 2147483647;
			files = (
				461D37281C8DDEFB003F7604 /* Phim_24hTests.swift in Sources */,
			);
			runOnlyForDeploymentPostprocessing = 0;
		};
		461D372A1C8DDEFB003F7604 /* Sources */ = {
			isa = PBXSourcesBuildPhase;
			buildActionMask = 2147483647;
			files = (
				461D37331C8DDEFB003F7604 /* Phim_24hUITests.swift in Sources */,
			);
			runOnlyForDeploymentPostprocessing = 0;
		};
/* End PBXSourcesBuildPhase section */

/* Begin PBXTargetDependency section */
		461D37251C8DDEFB003F7604 /* PBXTargetDependency */ = {
			isa = PBXTargetDependency;
			target = 461D370B1C8DDEFB003F7604 /* Phim 24h */;
			targetProxy = 461D37241C8DDEFB003F7604 /* PBXContainerItemProxy */;
		};
		461D37301C8DDEFB003F7604 /* PBXTargetDependency */ = {
			isa = PBXTargetDependency;
			target = 461D370B1C8DDEFB003F7604 /* Phim 24h */;
			targetProxy = 461D372F1C8DDEFB003F7604 /* PBXContainerItemProxy */;
		};
/* End PBXTargetDependency section */

/* Begin PBXVariantGroup section */
		461D37131C8DDEFB003F7604 /* Main.storyboard */ = {
			isa = PBXVariantGroup;
			children = (
				461D37141C8DDEFB003F7604 /* Base */,
			);
			name = Main.storyboard;
			sourceTree = "<group>";
		};
		461D371B1C8DDEFB003F7604 /* LaunchScreen.storyboard */ = {
			isa = PBXVariantGroup;
			children = (
				461D371C1C8DDEFB003F7604 /* Base */,
			);
			name = LaunchScreen.storyboard;
			sourceTree = "<group>";
		};
/* End PBXVariantGroup section */

/* Begin XCBuildConfiguration section */
		461D37351C8DDEFB003F7604 /* Debug */ = {
			isa = XCBuildConfiguration;
			buildSettings = {
				ALWAYS_SEARCH_USER_PATHS = NO;
				CLANG_CXX_LANGUAGE_STANDARD = "gnu++0x";
				CLANG_CXX_LIBRARY = "libc++";
				CLANG_ENABLE_MODULES = YES;
				CLANG_ENABLE_OBJC_ARC = YES;
				CLANG_WARN_BOOL_CONVERSION = YES;
				CLANG_WARN_CONSTANT_CONVERSION = YES;
				CLANG_WARN_DIRECT_OBJC_ISA_USAGE = YES_ERROR;
				CLANG_WARN_EMPTY_BODY = YES;
				CLANG_WARN_ENUM_CONVERSION = YES;
				CLANG_WARN_INT_CONVERSION = YES;
				CLANG_WARN_OBJC_ROOT_CLASS = YES_ERROR;
				CLANG_WARN_UNREACHABLE_CODE = YES;
				CLANG_WARN__DUPLICATE_METHOD_MATCH = YES;
				"CODE_SIGN_IDENTITY[sdk=iphoneos*]" = "iPhone Developer";
				COPY_PHASE_STRIP = NO;
				DEBUG_INFORMATION_FORMAT = dwarf;
				ENABLE_STRICT_OBJC_MSGSEND = YES;
				ENABLE_TESTABILITY = YES;
				GCC_C_LANGUAGE_STANDARD = gnu99;
				GCC_DYNAMIC_NO_PIC = NO;
				GCC_NO_COMMON_BLOCKS = YES;
				GCC_OPTIMIZATION_LEVEL = 0;
				GCC_PREPROCESSOR_DEFINITIONS = (
					"DEBUG=1",
					"$(inherited)",
				);
				GCC_WARN_64_TO_32_BIT_CONVERSION = YES;
				GCC_WARN_ABOUT_RETURN_TYPE = YES_ERROR;
				GCC_WARN_UNDECLARED_SELECTOR = YES;
				GCC_WARN_UNINITIALIZED_AUTOS = YES_AGGRESSIVE;
				GCC_WARN_UNUSED_FUNCTION = YES;
				GCC_WARN_UNUSED_VARIABLE = YES;
				IPHONEOS_DEPLOYMENT_TARGET = 9.2;
				MTL_ENABLE_DEBUG_INFO = YES;
				ONLY_ACTIVE_ARCH = YES;
				SDKROOT = iphoneos;
				SWIFT_OPTIMIZATION_LEVEL = "-Onone";
			};
			name = Debug;
		};
		461D37361C8DDEFB003F7604 /* Release */ = {
			isa = XCBuildConfiguration;
			buildSettings = {
				ALWAYS_SEARCH_USER_PATHS = NO;
				CLANG_CXX_LANGUAGE_STANDARD = "gnu++0x";
				CLANG_CXX_LIBRARY = "libc++";
				CLANG_ENABLE_MODULES = YES;
				CLANG_ENABLE_OBJC_ARC = YES;
				CLANG_WARN_BOOL_CONVERSION = YES;
				CLANG_WARN_CONSTANT_CONVERSION = YES;
				CLANG_WARN_DIRECT_OBJC_ISA_USAGE = YES_ERROR;
				CLANG_WARN_EMPTY_BODY = YES;
				CLANG_WARN_ENUM_CONVERSION = YES;
				CLANG_WARN_INT_CONVERSION = YES;
				CLANG_WARN_OBJC_ROOT_CLASS = YES_ERROR;
				CLANG_WARN_UNREACHABLE_CODE = YES;
				CLANG_WARN__DUPLICATE_METHOD_MATCH = YES;
				"CODE_SIGN_IDENTITY[sdk=iphoneos*]" = "iPhone Developer";
				COPY_PHASE_STRIP = NO;
				DEBUG_INFORMATION_FORMAT = "dwarf-with-dsym";
				ENABLE_NS_ASSERTIONS = NO;
				ENABLE_STRICT_OBJC_MSGSEND = YES;
				GCC_C_LANGUAGE_STANDARD = gnu99;
				GCC_NO_COMMON_BLOCKS = YES;
				GCC_WARN_64_TO_32_BIT_CONVERSION = YES;
				GCC_WARN_ABOUT_RETURN_TYPE = YES_ERROR;
				GCC_WARN_UNDECLARED_SELECTOR = YES;
				GCC_WARN_UNINITIALIZED_AUTOS = YES_AGGRESSIVE;
				GCC_WARN_UNUSED_FUNCTION = YES;
				GCC_WARN_UNUSED_VARIABLE = YES;
				IPHONEOS_DEPLOYMENT_TARGET = 9.2;
				MTL_ENABLE_DEBUG_INFO = NO;
				SDKROOT = iphoneos;
				VALIDATE_PRODUCT = YES;
			};
			name = Release;
		};
		461D37381C8DDEFB003F7604 /* Debug */ = {
			isa = XCBuildConfiguration;
			buildSettings = {
				ASSETCATALOG_COMPILER_APPICON_NAME = AppIcon;
				INFOPLIST_FILE = "Phim 24h/Info.plist";
				LD_RUNPATH_SEARCH_PATHS = "$(inherited) @executable_path/Frameworks";
				PRODUCT_BUNDLE_IDENTIFIER = "Com.QuangKhuongDuy.xemphim24h.Phim-24h";
				PRODUCT_NAME = "$(TARGET_NAME)";
			};
			name = Debug;
		};
		461D37391C8DDEFB003F7604 /* Release */ = {
			isa = XCBuildConfiguration;
			buildSettings = {
				ASSETCATALOG_COMPILER_APPICON_NAME = AppIcon;
				INFOPLIST_FILE = "Phim 24h/Info.plist";
				LD_RUNPATH_SEARCH_PATHS = "$(inherited) @executable_path/Frameworks";
				PRODUCT_BUNDLE_IDENTIFIER = "Com.QuangKhuongDuy.xemphim24h.Phim-24h";
				PRODUCT_NAME = "$(TARGET_NAME)";
			};
			name = Release;
		};
		461D373B1C8DDEFB003F7604 /* Debug */ = {
			isa = XCBuildConfiguration;
			buildSettings = {
				BUNDLE_LOADER = "$(TEST_HOST)";
				INFOPLIST_FILE = "Phim 24hTests/Info.plist";
				LD_RUNPATH_SEARCH_PATHS = "$(inherited) @executable_path/Frameworks @loader_path/Frameworks";
				PRODUCT_BUNDLE_IDENTIFIER = "Com.QuangKhuongDuy.xemphim24h.Phim-24hTests";
				PRODUCT_NAME = "$(TARGET_NAME)";
				TEST_HOST = "$(BUILT_PRODUCTS_DIR)/Phim 24h.app/Phim 24h";
			};
			name = Debug;
		};
		461D373C1C8DDEFB003F7604 /* Release */ = {
			isa = XCBuildConfiguration;
			buildSettings = {
				BUNDLE_LOADER = "$(TEST_HOST)";
				INFOPLIST_FILE = "Phim 24hTests/Info.plist";
				LD_RUNPATH_SEARCH_PATHS = "$(inherited) @executable_path/Frameworks @loader_path/Frameworks";
				PRODUCT_BUNDLE_IDENTIFIER = "Com.QuangKhuongDuy.xemphim24h.Phim-24hTests";
				PRODUCT_NAME = "$(TARGET_NAME)";
				TEST_HOST = "$(BUILT_PRODUCTS_DIR)/Phim 24h.app/Phim 24h";
			};
			name = Release;
		};
		461D373E1C8DDEFB003F7604 /* Debug */ = {
			isa = XCBuildConfiguration;
			buildSettings = {
				INFOPLIST_FILE = "Phim 24hUITests/Info.plist";
				LD_RUNPATH_SEARCH_PATHS = "$(inherited) @executable_path/Frameworks @loader_path/Frameworks";
				PRODUCT_BUNDLE_IDENTIFIER = "Com.QuangKhuongDuy.xemphim24h.Phim-24hUITests";
				PRODUCT_NAME = "$(TARGET_NAME)";
				TEST_TARGET_NAME = "Phim 24h";
				USES_XCTRUNNER = YES;
			};
			name = Debug;
		};
		461D373F1C8DDEFB003F7604 /* Release */ = {
			isa = XCBuildConfiguration;
			buildSettings = {
				INFOPLIST_FILE = "Phim 24hUITests/Info.plist";
				LD_RUNPATH_SEARCH_PATHS = "$(inherited) @executable_path/Frameworks @loader_path/Frameworks";
				PRODUCT_BUNDLE_IDENTIFIER = "Com.QuangKhuongDuy.xemphim24h.Phim-24hUITests";
				PRODUCT_NAME = "$(TARGET_NAME)";
				TEST_TARGET_NAME = "Phim 24h";
				USES_XCTRUNNER = YES;
			};
			name = Release;
		};
/* End XCBuildConfiguration section */

/* Begin XCConfigurationList section */
		461D37071C8DDEFB003F7604 /* Build configuration list for PBXProject "Phim 24h" */ = {
			isa = XCConfigurationList;
			buildConfigurations = (
				461D37351C8DDEFB003F7604 /* Debug */,
				461D37361C8DDEFB003F7604 /* Release */,
			);
			defaultConfigurationIsVisible = 0;
			defaultConfigurationName = Release;
		};
		461D37371C8DDEFB003F7604 /* Build configuration list for PBXNativeTarget "Phim 24h" */ = {
			isa = XCConfigurationList;
			buildConfigurations = (
				461D37381C8DDEFB003F7604 /* Debug */,
				461D37391C8DDEFB003F7604 /* Release */,
			);
			defaultConfigurationIsVisible = 0;
		};
		461D373A1C8DDEFB003F7604 /* Build configuration list for PBXNativeTarget "Phim 24hTests" */ = {
			isa = XCConfigurationList;
			buildConfigurations = (
				461D373B1C8DDEFB003F7604 /* Debug */,
				461D373C1C8DDEFB003F7604 /* Release */,
			);
			defaultConfigurationIsVisible = 0;
		};
		461D373D1C8DDEFB003F7604 /* Build configuration list for PBXNativeTarget "Phim 24hUITests" */ = {
			isa = XCConfigurationList;
			buildConfigurations = (
				461D373E1C8DDEFB003F7604 /* Debug */,
				461D373F1C8DDEFB003F7604 /* Release */,
			);
			defaultConfigurationIsVisible = 0;
		};
/* End XCConfigurationList section */

/* Begin XCVersionGroup section */
		461D37161C8DDEFB003F7604 /* Phim_24h.xcdatamodeld */ = {
			isa = XCVersionGroup;
			children = (
				461D37171C8DDEFB003F7604 /* Phim_24h.xcdatamodel */,
			);
			currentVersion = 461D37171C8DDEFB003F7604 /* Phim_24h.xcdatamodel */;
			path = Phim_24h.xcdatamodeld;
			sourceTree = "<group>";
			versionGroupType = wrapper.xcdatamodel;
		};
/* End XCVersionGroup section */
	};
	rootObject = 461D37041C8DDEFB003F7604 /* Project object */;
}
